
Microsoft Visual Studio Solution File, Format Version 12.00
# Visual Studio Version 16
VisualStudioVersion = 16.0.29519.87
MinimumVisualStudioVersion = 10.0.40219.1
Project("{FAE04EC0-301F-11D3-BF4B-00C04F79EFBC}") = "StudentList_For", "StudentList_For.csproj", "{D201C277-960B-4BE1-83BE-68E2997980C9}"
EndProject
Global
	GlobalSection(SolutionConfigurationPlatforms) = preSolution
		Debug|Any CPU = Debug|Any CPU
		Release|Any CPU = Release|Any CPU
	EndGlobalSection
	GlobalSection(ProjectConfigurationPlatforms) = postSolution
		{D201C277-960B-4BE1-83BE-68E2997980C9}.Debug|Any CPU.ActiveCfg = Debug|Any CPU
		{D201C277-960B-4BE1-83BE-68E2997980C9}.Debug|Any CPU.Build.0 = Debug|Any CPU
		{D201C277-960B-4BE1-83BE-68E2997980C9}.Release|Any CPU.ActiveCfg = Release|Any CPU
		{D201C277-960B-4BE1-83BE-68E2997980C9}.Release|Any CPU.Build.0 = Release|Any CPU
	EndGlobalSection
	GlobalSection(SolutionProperties) = preSolution
		HideSolutionNode = FALSE
	EndGlobalSection
	GlobalSection(ExtensibilityGlobals) = postSolution
		SolutionGuid = {AE3E1EEC-7AE2-4B35-9692-EB900D4A41C1}
	EndGlobalSection
EndGlobal
